{
  "lockfileVersion": 1,
  "workspaces": {
    "": {
      "name": "leicoin-node",
      "dependencies": {
        "@advena/avm": "^1.0.0",
        "@advena/cli": "^1.0.0",
        "@advena/common": "^1.0.0",
        "@advena/config": "^1.0.0",
        "@advena/core": "^1.0.0",
        "@advena/crypto": "^1.0.0",
        "@advena/http-api": "^1.0.0",
        "@advena/minter": "^1.0.0",
        "@advena/net": "^1.0.0",
        "@advena/pos": "^1.0.0",
        "@advena/smart-contracts": "^1.0.0",
        "@advena/storage": "^1.0.0",
        "@advena/utils": "^1.0.0",
        "@advena/verification": "^1.0.0",
        "@cleverjs/cli": "latest",
        "@date-fns/utc": "^2.1.0",
        "@elysiajs/cors": "^1.2.0",
        "abstract-level": "^3.1.1",
        "ansi-escapes": "^7.0.0",
        "chalk": "^5.4.1",
        "classic-level": "^3.0.0",
        "cron": "^4.3.0",
        "date-fns": "^4.1.0",
        "dotenv": "^16.5.0",
        "elliptic": "^6.6.1",
        "elysia": "^1.2.25",
        "flexbuf": "^1.4.1",
        "level-read-stream": "^2.0.0",
        "low-level": "^1.2.5",
        "ptr.js": "^1.3.0",
        "reflect-metadata": "^0.2.2",
      },
      "devDependencies": {
        "@noble/secp256k1": "^2.2.3",
        "@types/bun": "latest",
        "@types/cors": "^2.8.17",
        "@types/elliptic": "^6.4.18",
        "@types/node": "^22.15.3",
        "@types/readable-stream": "^4.0.18",
        "bun": "latest",
        "typescript": "^5.8.3",
      },
    },
    "src/avm": {
      "name": "@advena/avm",
      "version": "1.0.0",
      "dependencies": {
        "@advena/common": "^1.0.0",
        "@advena/config": "^1.0.0",
        "@advena/core": "^1.0.0",
        "@advena/crypto": "^1.0.0",
        "@advena/http-api": "^1.0.0",
        "@advena/minter": "^1.0.0",
        "@advena/net": "^1.0.0",
        "@advena/pos": "^1.0.0",
        "@advena/smart-contracts": "^1.0.0",
        "@advena/storage": "^1.0.0",
        "@advena/utils": "^1.0.0",
        "@advena/verification": "^1.0.0",
      },
    },
    "src/cli": {
      "name": "@advena/cli",
      "version": "1.0.0",
      "dependencies": {
        "@advena/common": "^1.0.0",
        "@advena/config": "^1.0.0",
        "@advena/core": "^1.0.0",
        "@advena/crypto": "^1.0.0",
        "@advena/http-api": "^1.0.0",
        "@advena/minter": "^1.0.0",
        "@advena/net": "^1.0.0",
        "@advena/pos": "^1.0.0",
        "@advena/smart-contracts": "^1.0.0",
        "@advena/storage": "^1.0.0",
        "@advena/utils": "^1.0.0",
        "@advena/verification": "^1.0.0",
      },
    },
    "src/common": {
      "name": "@advena/common",
      "version": "1.0.0",
      "dependencies": {
        "@advena/cli": "^1.0.0",
        "@advena/config": "^1.0.0",
        "@advena/core": "^1.0.0",
        "@advena/crypto": "^1.0.0",
        "@advena/http-api": "^1.0.0",
        "@advena/minter": "^1.0.0",
        "@advena/net": "^1.0.0",
        "@advena/pos": "^1.0.0",
        "@advena/smart-contracts": "^1.0.0",
        "@advena/storage": "^1.0.0",
        "@advena/utils": "^1.0.0",
        "@advena/verification": "^1.0.0",
      },
    },
    "src/config": {
      "name": "@advena/config",
      "version": "1.0.0",
      "dependencies": {
        "@advena/cli": "^1.0.0",
        "@advena/common": "^1.0.0",
        "@advena/core": "^1.0.0",
        "@advena/crypto": "^1.0.0",
        "@advena/http-api": "^1.0.0",
        "@advena/minter": "^1.0.0",
        "@advena/net": "^1.0.0",
        "@advena/pos": "^1.0.0",
        "@advena/smart-contracts": "^1.0.0",
        "@advena/storage": "^1.0.0",
        "@advena/utils": "^1.0.0",
        "@advena/verification": "^1.0.0",
      },
    },
    "src/core": {
      "name": "@advena/core",
      "version": "1.0.0",
      "dependencies": {
        "@advena/cli": "^1.0.0",
        "@advena/common": "^1.0.0",
        "@advena/config": "^1.0.0",
        "@advena/crypto": "^1.0.0",
        "@advena/http-api": "^1.0.0",
        "@advena/minter": "^1.0.0",
        "@advena/net": "^1.0.0",
        "@advena/pos": "^1.0.0",
        "@advena/smart-contracts": "^1.0.0",
        "@advena/storage": "^1.0.0",
        "@advena/utils": "^1.0.0",
        "@advena/verification": "^1.0.0",
      },
    },
    "src/crypto": {
      "name": "@advena/crypto",
      "version": "1.0.0",
      "dependencies": {
        "@advena/cli": "^1.0.0",
        "@advena/common": "^1.0.0",
        "@advena/config": "^1.0.0",
        "@advena/core": "^1.0.0",
        "@advena/http-api": "^1.0.0",
        "@advena/minter": "^1.0.0",
        "@advena/net": "^1.0.0",
        "@advena/pos": "^1.0.0",
        "@advena/smart-contracts": "^1.0.0",
        "@advena/storage": "^1.0.0",
        "@advena/utils": "^1.0.0",
        "@advena/verification": "^1.0.0",
      },
    },
    "src/http_api": {
      "name": "@advena/http-api",
      "version": "1.0.0",
      "dependencies": {
        "@advena/cli": "^1.0.0",
        "@advena/common": "^1.0.0",
        "@advena/config": "^1.0.0",
        "@advena/core": "^1.0.0",
        "@advena/crypto": "^1.0.0",
        "@advena/minter": "^1.0.0",
        "@advena/net": "^1.0.0",
        "@advena/pos": "^1.0.0",
        "@advena/smart-contracts": "^1.0.0",
        "@advena/storage": "^1.0.0",
        "@advena/utils": "^1.0.0",
        "@advena/verification": "^1.0.0",
      },
    },
    "src/minter": {
      "name": "@advena/minter",
      "version": "1.0.0",
      "dependencies": {
        "@advena/cli": "^1.0.0",
        "@advena/common": "^1.0.0",
        "@advena/config": "^1.0.0",
        "@advena/core": "^1.0.0",
        "@advena/crypto": "^1.0.0",
        "@advena/http-api": "^1.0.0",
        "@advena/net": "^1.0.0",
        "@advena/pos": "^1.0.0",
        "@advena/smart-contracts": "^1.0.0",
        "@advena/storage": "^1.0.0",
        "@advena/utils": "^1.0.0",
        "@advena/verification": "^1.0.0",
      },
    },
    "src/network": {
      "name": "@advena/net",
      "version": "1.0.0",
      "dependencies": {
        "@advena/cli": "^1.0.0",
        "@advena/common": "^1.0.0",
        "@advena/config": "^1.0.0",
        "@advena/core": "^1.0.0",
        "@advena/crypto": "^1.0.0",
        "@advena/http-api": "^1.0.0",
        "@advena/minter": "^1.0.0",
        "@advena/pos": "^1.0.0",
        "@advena/smart-contracts": "^1.0.0",
        "@advena/storage": "^1.0.0",
        "@advena/utils": "^1.0.0",
        "@advena/verification": "^1.0.0",
      },
    },
    "src/pos": {
      "name": "@advena/pos",
      "version": "1.0.0",
      "dependencies": {
        "@advena/cli": "^1.0.0",
        "@advena/common": "^1.0.0",
        "@advena/config": "^1.0.0",
        "@advena/core": "^1.0.0",
        "@advena/crypto": "^1.0.0",
        "@advena/http-api": "^1.0.0",
        "@advena/minter": "^1.0.0",
        "@advena/net": "^1.0.0",
        "@advena/smart-contracts": "^1.0.0",
        "@advena/storage": "^1.0.0",
        "@advena/utils": "^1.0.0",
        "@advena/verification": "^1.0.0",
      },
    },
    "src/smart-contracts": {
      "name": "@advena/smart-contracts",
      "version": "1.0.0",
      "dependencies": {
        "@advena/cli": "^1.0.0",
        "@advena/common": "^1.0.0",
        "@advena/config": "^1.0.0",
        "@advena/core": "^1.0.0",
        "@advena/crypto": "^1.0.0",
        "@advena/http-api": "^1.0.0",
        "@advena/minter": "^1.0.0",
        "@advena/net": "^1.0.0",
        "@advena/pos": "^1.0.0",
        "@advena/storage": "^1.0.0",
        "@advena/utils": "^1.0.0",
        "@advena/verification": "^1.0.0",
      },
    },
    "src/storage": {
      "name": "@advena/storage",
      "version": "1.0.0",
      "dependencies": {
        "@advena/cli": "^1.0.0",
        "@advena/common": "^1.0.0",
        "@advena/config": "^1.0.0",
        "@advena/core": "^1.0.0",
        "@advena/crypto": "^1.0.0",
        "@advena/http-api": "^1.0.0",
        "@advena/minter": "^1.0.0",
        "@advena/net": "^1.0.0",
        "@advena/pos": "^1.0.0",
        "@advena/smart-contracts": "^1.0.0",
        "@advena/utils": "^1.0.0",
        "@advena/verification": "^1.0.0",
      },
    },
    "src/utils": {
      "name": "@advena/utils",
      "version": "1.0.0",
      "dependencies": {
        "@advena/cli": "^1.0.0",
        "@advena/common": "^1.0.0",
        "@advena/config": "^1.0.0",
        "@advena/core": "^1.0.0",
        "@advena/crypto": "^1.0.0",
        "@advena/http-api": "^1.0.0",
        "@advena/minter": "^1.0.0",
        "@advena/net": "^1.0.0",
        "@advena/pos": "^1.0.0",
        "@advena/smart-contracts": "^1.0.0",
        "@advena/storage": "^1.0.0",
        "@advena/verification": "^1.0.0",
      },
    },
    "src/verification": {
      "name": "@advena/verification",
      "version": "1.0.0",
      "dependencies": {
        "@advena/cli": "^1.0.0",
        "@advena/common": "^1.0.0",
        "@advena/config": "^1.0.0",
        "@advena/core": "^1.0.0",
        "@advena/crypto": "^1.0.0",
        "@advena/http-api": "^1.0.0",
        "@advena/minter": "^1.0.0",
        "@advena/net": "^1.0.0",
        "@advena/pos": "^1.0.0",
        "@advena/smart-contracts": "^1.0.0",
        "@advena/storage": "^1.0.0",
        "@advena/utils": "^1.0.0",
      },
    },
  },
  "patchedDependencies": {
    "classic-level@3.0.0": "patches/classic-level@3.0.0.patch",
  },
  "packages": {
    "@advena/avm": ["@advena/avm@workspace:src/avm"],

    "@advena/cli": ["@advena/cli@workspace:src/cli"],

    "@advena/common": ["@advena/common@workspace:src/common"],

    "@advena/config": ["@advena/config@workspace:src/config"],

    "@advena/core": ["@advena/core@workspace:src/core"],

    "@advena/crypto": ["@advena/crypto@workspace:src/crypto"],

    "@advena/http-api": ["@advena/http-api@workspace:src/http_api"],

    "@advena/minter": ["@advena/minter@workspace:src/minter"],

    "@advena/net": ["@advena/net@workspace:src/network"],

    "@advena/pos": ["@advena/pos@workspace:src/pos"],

    "@advena/smart-contracts": ["@advena/smart-contracts@workspace:src/smart-contracts"],

    "@advena/storage": ["@advena/storage@workspace:src/storage"],

    "@advena/utils": ["@advena/utils@workspace:src/utils"],

    "@advena/verification": ["@advena/verification@workspace:src/verification"],

    "@borewit/text-codec": ["@borewit/text-codec@0.1.1", "", {}, "sha512-5L/uBxmjaCIX5h8Z+uu+kA9BQLkc/Wl06UGR5ajNRxu+/XjonB5i8JpgFMrPj3LXTCPA0pv8yxUvbUi+QthGGA=="],

    "@cleverjs/cli": ["@cleverjs/cli@1.1.8", "", {}, "sha512-WRCvIFFmKhTeT7IxpEBfDiZG0CJhqlt0+qutnoODWgUwDoPQDexDqwZQBwpZDpMwGfO137nDdMMnvyIrMLZTYw=="],

    "@date-fns/utc": ["@date-fns/utc@2.1.1", "", {}, "sha512-SlJDfG6RPeEX8wEVv6ZB3kak4MmbtyiI2qX/5zuKdordbrhB/iaJ58GVMZgJ6P1sJaM1gMgENFYYeg1JWrCFrA=="],

    "@elysiajs/cors": ["@elysiajs/cors@1.4.0", "", { "peerDependencies": { "elysia": ">= 1.4.0" } }, "sha512-pb0SCzBfFbFSYA/U40HHO7R+YrcXBJXOWgL20eSViK33ol1e20ru2/KUaZYo5IMUn63yaTJI/bQERuQ+77ND8g=="],

    "@noble/secp256k1": ["@noble/secp256k1@2.3.0", "", {}, "sha512-0TQed2gcBbIrh7Ccyw+y/uZQvbJwm7Ao4scBUxqpBCcsOlZG0O4KGfjtNAy/li4W8n1xt3dxrwJ0beZ2h2G6Kw=="],

    "@oven/bun-darwin-aarch64": ["@oven/bun-darwin-aarch64@1.3.1", "", { "os": "darwin", "cpu": "arm64" }, "sha512-7Rap1BHNWqgnexc4wLjjdZeVRQKtk534iGuJ7qZ42i/q1B+cxJZ6zSnrFsYmo+zreH7dUyUXL3AHuXGrl2772Q=="],

    "@oven/bun-darwin-x64": ["@oven/bun-darwin-x64@1.3.1", "", { "os": "darwin", "cpu": "x64" }, "sha512-wpqmgT/8w+tEr5YMGt1u1sEAMRHhyA2SKZddC6GCPasHxSqkCWOPQvYIHIApnTsoSsxhxP0x6Cpe93+4c7hq/w=="],

    "@oven/bun-darwin-x64-baseline": ["@oven/bun-darwin-x64-baseline@1.3.1", "", { "os": "darwin", "cpu": "x64" }, "sha512-mJo715WvwEHmJ6khNymWyxi0QrFzU94wolsUmxolViNHrk+2ugzIkVIJhTnxf7pHnarxxHwyJ/kgatuV//QILQ=="],

    "@oven/bun-linux-aarch64": ["@oven/bun-linux-aarch64@1.3.1", "", { "os": "linux", "cpu": "arm64" }, "sha512-ACn038SZL8del+sFnqCjf+haGB02//j2Ez491IMmPTvbv4a/D0iiNz9xiIB3ICbQd3EwQzi+Ut/om3Ba/KoHbQ=="],

    "@oven/bun-linux-aarch64-musl": ["@oven/bun-linux-aarch64-musl@1.3.1", "", { "os": "linux", "cpu": "arm64" }, "sha512-gKU3Wv3BTG5VMjqMMnRwqU6tipCveE9oyYNt62efy6cQK3Vo1DOBwY2SmjbFw+yzj+Um20YoFOLGxghfQET4Ng=="],

    "@oven/bun-linux-x64": ["@oven/bun-linux-x64@1.3.1", "", { "os": "linux", "cpu": "x64" }, "sha512-cAUeM3I5CIYlu5Ur52eCOGg9yfqibQd4lzt9G1/rA0ajqcnCBaTuekhUDZETJJf5H9QV+Gm46CqQg2DpdJzJsw=="],

    "@oven/bun-linux-x64-baseline": ["@oven/bun-linux-x64-baseline@1.3.1", "", { "os": "linux", "cpu": "x64" }, "sha512-7+2aCrL81mtltZQbKdiPB58UL+Gr3DAIuPyUAKm0Ib/KG/Z8t7nD/eSMRY/q6b+NsAjYnVPiPwqSjC3edpMmmQ=="],

    "@oven/bun-linux-x64-musl": ["@oven/bun-linux-x64-musl@1.3.1", "", { "os": "linux", "cpu": "x64" }, "sha512-8AgEAHyuJ5Jm9MUo1L53K1SRYu0bNGqV0E0L5rB5DjkteO4GXrnWGBT8qsuwuy7WMuCMY3bj64/pFjlRkZuiXw=="],

    "@oven/bun-linux-x64-musl-baseline": ["@oven/bun-linux-x64-musl-baseline@1.3.1", "", { "os": "linux", "cpu": "x64" }, "sha512-tP0WWcAqrMayvkggOHBGBoyyoK+QHAqgRUyj1F6x5/udiqc9vCXmIt1tlydxYV/NvyvUAmJ7MWT0af44Xm2kJw=="],

    "@oven/bun-windows-x64": ["@oven/bun-windows-x64@1.3.1", "", { "os": "win32", "cpu": "x64" }, "sha512-xdUjOZRq6PwPbbz4/F2QEMLBZwintGp7AS50cWxgkHnyp7Omz5eJfV6/vWtN4qwZIyR3V3DT/2oXsY1+7p3rtg=="],

    "@oven/bun-windows-x64-baseline": ["@oven/bun-windows-x64-baseline@1.3.1", "", { "os": "win32", "cpu": "x64" }, "sha512-dcA+Kj7hGFrY3G8NWyYf3Lj3/GMViknpttWUf5pI6p6RphltZaoDu0lY5Lr71PkMdRZTwL2NnZopa/x/NWCdKA=="],

    "@sinclair/typebox": ["@sinclair/typebox@0.34.28", "", {}, "sha512-e2B9vmvaa5ym5hWgCHw5CstP54au6AOLXrhZErLsOyyRzuWJtXl/8TszKtc5x8rw/b+oY7HKS9m9iRI53RK0WQ=="],

    "@tokenizer/inflate": ["@tokenizer/inflate@0.2.7", "", { "dependencies": { "debug": "^4.4.0", "fflate": "^0.8.2", "token-types": "^6.0.0" } }, "sha512-MADQgmZT1eKjp06jpI2yozxaU9uVs4GzzgSL+uEq7bVcJ9V1ZXQkeGNql1fsSI0gMy1vhvNTNbUqrx+pZfJVmg=="],

    "@tokenizer/token": ["@tokenizer/token@0.3.0", "", {}, "sha512-OvjF+z51L3ov0OyAU0duzsYuvO01PH7x4t6DJx+guahgTnBHkhJdG7soQeTSFLWN3efnHyibZ4Z8l2EuWwJN3A=="],

    "@types/bn.js": ["@types/bn.js@5.1.5", "", { "dependencies": { "@types/node": "*" } }, "sha512-V46N0zwKRF5Q00AZ6hWtN0T8gGmDUaUzLWQvHFo5yThtVwK/VCenFY3wXVbOvNfajEpsTfQM4IN9k/d6gUVX3A=="],

    "@types/bun": ["@types/bun@1.3.1", "", { "dependencies": { "bun-types": "1.3.1" } }, "sha512-4jNMk2/K9YJtfqwoAa28c8wK+T7nvJFOjxI4h/7sORWcypRNxBpr+TPNaCfVWq70tLCJsqoFwcf0oI0JU/fvMQ=="],

    "@types/cors": ["@types/cors@2.8.19", "", { "dependencies": { "@types/node": "*" } }, "sha512-mFNylyeyqN93lfe/9CSxOGREz8cpzAhH+E93xJ4xWQf62V8sQ/24reV2nyzUWM6H6Xji+GGHpkbLe7pVoUEskg=="],

    "@types/elliptic": ["@types/elliptic@6.4.18", "", { "dependencies": { "@types/bn.js": "*" } }, "sha512-UseG6H5vjRiNpQvrhy4VF/JXdA3V/Fp5amvveaL+fs28BZ6xIKJBPnUPRlEaZpysD9MbpfaLi8lbl7PGUAkpWw=="],

    "@types/luxon": ["@types/luxon@3.7.1", "", {}, "sha512-H3iskjFIAn5SlJU7OuxUmTEpebK6TKB8rxZShDslBMZJ5u9S//KM1sbdAisiSrqwLQncVjnpi2OK2J51h+4lsg=="],

    "@types/node": ["@types/node@22.18.13", "", { "dependencies": { "undici-types": "~6.21.0" } }, "sha512-Bo45YKIjnmFtv6I1TuC8AaHBbqXtIo+Om5fE4QiU1Tj8QR/qt+8O3BAtOimG5IFmwaWiPmB3Mv3jtYzBA4Us2A=="],

    "@types/react": ["@types/react@19.2.2", "", { "dependencies": { "csstype": "^3.0.2" } }, "sha512-6mDvHUFSjyT2B2yeNx2nUgMxh9LtOWvkhIU3uePn2I2oyNymUAX1NIsdgviM4CH+JSrp2D2hsMvJOkxY+0wNRA=="],

    "@types/readable-stream": ["@types/readable-stream@4.0.22", "", { "dependencies": { "@types/node": "*" } }, "sha512-/FFhJpfCLAPwAcN3mFycNUa77ddnr8jTgF5VmSNetaemWB2cIlfCA9t0YTM3JAT0wOcv8D4tjPo7pkDhK3EJIg=="],

    "abort-controller": ["abort-controller@3.0.0", "", { "dependencies": { "event-target-shim": "^5.0.0" } }, "sha512-h8lQ8tacZYnR3vNQTgibj+tODHI5/+l06Au2Pcriv/Gmet0eaj4TwWH41sO9wnHDiQsEj19q0drzdWdeAHtweg=="],

    "abstract-level": ["abstract-level@3.1.1", "", { "dependencies": { "buffer": "^6.0.3", "is-buffer": "^2.0.5", "level-supports": "^6.2.0", "level-transcoder": "^1.0.1", "maybe-combine-errors": "^1.0.0", "module-error": "^1.0.1" } }, "sha512-CW2gKbJFTuX1feMvOrvsVMmijAOgI9kg2Ie9Dq3gOcMt/dVVoVmqNlLcEUCT13NxHFMEajcUcVBIplbyDroDiw=="],

    "ansi-escapes": ["ansi-escapes@7.1.1", "", { "dependencies": { "environment": "^1.0.0" } }, "sha512-Zhl0ErHcSRUaVfGUeUdDuLgpkEo8KIFjB4Y9uAc46ScOpdDiU1Dbyplh7qWJeJ/ZHpbyMSM26+X3BySgnIz40Q=="],

    "base64-js": ["base64-js@1.5.1", "", {}, "sha512-AKpaYlHn8t4SVbOHCy+b5+KKgvR4vrsD8vbvrbiQJps7fKDTkjkDry6ji0rUJjC0kzbNePLwzxq8iypo41qeWA=="],

    "bn.js": ["bn.js@4.12.0", "", {}, "sha512-c98Bf3tPniI+scsdk237ku1Dc3ujXQTSgyiPUDEOe7tRkhrqridvh8klBv0HCEso1OLOYcHuCv/cS6DNxKH+ZA=="],

    "brorand": ["brorand@1.1.0", "", {}, "sha512-cKV8tMCEpQs4hK/ik71d6LrPOnpkpGBR0wzxqr68g2m/LB2GxVYQroAjMJZRVM1Y4BCjCKc3vAamxSzOY2RP+w=="],

    "buffer": ["buffer@6.0.3", "", { "dependencies": { "base64-js": "^1.3.1", "ieee754": "^1.2.1" } }, "sha512-FTiCpNxtwiZZHEZbcbTIcZjERVICn9yq/pDFkTl95/AxzD1naBctN7YO68riM/gLSDY7sdrMby8hofADYuuqOA=="],

    "bun": ["bun@1.3.1", "", { "optionalDependencies": { "@oven/bun-darwin-aarch64": "1.3.1", "@oven/bun-darwin-x64": "1.3.1", "@oven/bun-darwin-x64-baseline": "1.3.1", "@oven/bun-linux-aarch64": "1.3.1", "@oven/bun-linux-aarch64-musl": "1.3.1", "@oven/bun-linux-x64": "1.3.1", "@oven/bun-linux-x64-baseline": "1.3.1", "@oven/bun-linux-x64-musl": "1.3.1", "@oven/bun-linux-x64-musl-baseline": "1.3.1", "@oven/bun-windows-x64": "1.3.1", "@oven/bun-windows-x64-baseline": "1.3.1" }, "os": [ "linux", "win32", "darwin", ], "cpu": [ "x64", "arm64", ], "bin": { "bun": "bin/bun.exe", "bunx": "bin/bunx.exe" } }, "sha512-enqkEb0RhNOgDzHQwv7uvnIhX3uSzmKzz779dL7kdH8SauyTdQvCz4O1UT2rU0UldQp2K9OlrJNdyDHayPEIvw=="],

    "bun-types": ["bun-types@1.3.1", "", { "dependencies": { "@types/node": "*" }, "peerDependencies": { "@types/react": "^19" } }, "sha512-NMrcy7smratanWJ2mMXdpatalovtxVggkj11bScuWuiOoXTiKIu2eVS1/7qbyI/4yHedtsn175n4Sm4JcdHLXw=="],

    "chalk": ["chalk@5.6.2", "", {}, "sha512-7NzBL0rN6fMUW+f7A6Io4h40qQlG+xGmtMxfbnH/K7TAtt8JQWVQK+6g0UXKMeVJoyV5EkkNsErQ8pVD3bLHbA=="],

    "classic-level": ["classic-level@3.0.0", "", { "dependencies": { "abstract-level": "^3.1.0", "module-error": "^1.0.1", "napi-macros": "^2.2.2", "node-gyp-build": "^4.3.0" } }, "sha512-yGy8j8LjPbN0Bh3+ygmyYvrmskVita92pD/zCoalfcC9XxZj6iDtZTAnz+ot7GG8p9KLTG+MZ84tSA4AhkgVZQ=="],

    "cookie": ["cookie@1.0.2", "", {}, "sha512-9Kr/j4O16ISv8zBBhJoi4bXOYNTkFLOqSL3UDB0njXxCXNezjeyVrJyGOWtgfs/q2km1gwBcfH8q1yEGoMYunA=="],

    "cron": ["cron@4.3.3", "", { "dependencies": { "@types/luxon": "~3.7.0", "luxon": "~3.7.0" } }, "sha512-B/CJj5yL3sjtlun6RtYHvoSB26EmQ2NUmhq9ZiJSyKIM4K/fqfh9aelDFlIayD2YMeFZqWLi9hHV+c+pq2Djkw=="],

    "csstype": ["csstype@3.1.3", "", {}, "sha512-M1uQkMl8rQK/szD0LNhtqxIPLpimGm8sOBwU7lLnCpSbTyY3yeU1Vc7l4KT5zT4s/yOxHH5O7tIuuLOCnLADRw=="],

    "date-fns": ["date-fns@4.1.0", "", {}, "sha512-Ukq0owbQXxa/U3EGtsdVBkR1w7KOQ5gIBqdH2hkvknzZPYvBxb/aa6E8L7tmjFtkwZBu3UXBbjIgPo/Ez4xaNg=="],

    "debug": ["debug@4.4.3", "", { "dependencies": { "ms": "^2.1.3" } }, "sha512-RGwwWnwQvkVfavKVt22FGLw+xYSdzARwm0ru6DhTVA3umU5hZc28V3kO4stgYryrTlLpuvgI9GiijltAjNbcqA=="],

    "dotenv": ["dotenv@16.6.1", "", {}, "sha512-uBq4egWHTcTt33a72vpSG0z3HnPuIl6NqYcTrKEg2azoEyl2hpW0zqlxysq2pK9HlDIHyHyakeYaYnSAwd8bow=="],

    "elliptic": ["elliptic@6.6.1", "", { "dependencies": { "bn.js": "^4.11.9", "brorand": "^1.1.0", "hash.js": "^1.0.0", "hmac-drbg": "^1.0.1", "inherits": "^2.0.4", "minimalistic-assert": "^1.0.1", "minimalistic-crypto-utils": "^1.0.1" } }, "sha512-RaddvvMatK2LJHqFJ+YA4WysVN5Ita9E35botqIYspQ4TkRAlCicdzKOjlyv/1Za5RyTNn7di//eEV0uTAfe3g=="],

    "elysia": ["elysia@1.4.13", "", { "dependencies": { "cookie": "^1.0.2", "exact-mirror": "0.2.2", "fast-decode-uri-component": "^1.0.1", "memoirist": "^0.4.0" }, "peerDependencies": { "@sinclair/typebox": ">= 0.34.0 < 1", "@types/bun": ">= 1.2.0", "file-type": ">= 20.0.0", "openapi-types": ">= 12.0.0", "typescript": ">= 5.0.0" }, "optionalPeers": ["@types/bun", "typescript"] }, "sha512-6QaWQEm7QN1UCo1TPpEjaRJPHUmnM7R29y6LY224frDGk5PrpAnWmdHkoZxkcv+JRWp1j2ROr2IHbxHbG/jRjw=="],

    "environment": ["environment@1.1.0", "", {}, "sha512-xUtoPkMggbz0MPyPiIWr1Kp4aeWJjDZ6SMvURhimjdZgsRuDplF5/s9hcgGhyXMhs+6vpnuoiZ2kFiu3FMnS8Q=="],

    "event-target-shim": ["event-target-shim@5.0.1", "", {}, "sha512-i/2XbnSz/uxRCU6+NdVJgKWDTM427+MqYbkQzD321DuCQJUqOuJKIA0IM2+W2xtYHdKOmZ4dR6fExsd4SXL+WQ=="],

    "events": ["events@3.3.0", "", {}, "sha512-mQw+2fkQbALzQ7V0MY0IqdnXNOeTtP4r0lN9z7AAawCXgqea7bDii20AYrIBrFd/Hx0M2Ocz6S111CaFkUcb0Q=="],

    "exact-mirror": ["exact-mirror@0.2.2", "", { "peerDependencies": { "@sinclair/typebox": "^0.34.15" }, "optionalPeers": ["@sinclair/typebox"] }, "sha512-CrGe+4QzHZlnrXZVlo/WbUZ4qQZq8C0uATQVGVgXIrNXgHDBBNFD1VRfssRA2C9t3RYvh3MadZSdg2Wy7HBoQA=="],

    "fast-decode-uri-component": ["fast-decode-uri-component@1.0.1", "", {}, "sha512-WKgKWg5eUxvRZGwW8FvfbaH7AXSh2cL+3j5fMGzUMCxWBJ3dV3a7Wz8y2f/uQ0e3B6WmodD3oS54jTQ9HVTIIg=="],

    "fflate": ["fflate@0.8.2", "", {}, "sha512-cPJU47OaAoCbg0pBvzsgpTPhmhqI5eJjh/JIu8tPj5q+T7iLvW/JAYUqmE7KOB4R1ZyEhzBaIQpQpardBF5z8A=="],

    "file-type": ["file-type@21.0.0", "", { "dependencies": { "@tokenizer/inflate": "^0.2.7", "strtok3": "^10.2.2", "token-types": "^6.0.0", "uint8array-extras": "^1.4.0" } }, "sha512-ek5xNX2YBYlXhiUXui3D/BXa3LdqPmoLJ7rqEx2bKJ7EAUEfmXgW0Das7Dc6Nr9MvqaOnIqiPV0mZk/r/UpNAg=="],

    "flexbuf": ["flexbuf@1.4.1", "", { "peerDependencies": { "low-level": "^1.0.17" } }, "sha512-mswRslJ4RaKPxYXTmJ0qBZ2aejU3whAqOZsn91T0IJIs0CjeHFEQOVcdp5MyQNAr676Z46bwJlrytW616QUKjw=="],

    "hash.js": ["hash.js@1.1.7", "", { "dependencies": { "inherits": "^2.0.3", "minimalistic-assert": "^1.0.1" } }, "sha512-taOaskGt4z4SOANNseOviYDvjEJinIkRgmp7LbKP2YTTmVxWBl87s/uzK9r+44BclBSp2X7K1hqeNfz9JbBeXA=="],

    "hmac-drbg": ["hmac-drbg@1.0.1", "", { "dependencies": { "hash.js": "^1.0.3", "minimalistic-assert": "^1.0.0", "minimalistic-crypto-utils": "^1.0.1" } }, "sha512-Tti3gMqLdZfhOQY1Mzf/AanLiqh1WTiJgEj26ZuYQ9fbkLomzGchCws4FyrSd4VkpBfiNhaE1On+lOz894jvXg=="],

    "ieee754": ["ieee754@1.2.1", "", {}, "sha512-dcyqhDvX1C46lXZcVqCpK+FtMRQVdIMN6/Df5js2zouUsqG7I6sFxitIC+7KYK29KdXOLHdu9zL4sFnoVQnqaA=="],

    "inherits": ["inherits@2.0.4", "", {}, "sha512-k/vGaX4/Yla3WzyMCvTQOXYeIHvqOKtnqBduzTHpzpQZzAskKMhZ2K+EnBiSM9zGSoIFeMpXKxa4dYeZIQqewQ=="],

    "is-buffer": ["is-buffer@2.0.5", "", {}, "sha512-i2R6zNFDwgEHJyQUtJEk0XFi1i0dPFn/oqjK3/vPCcDeJvW5NQ83V8QbicfF1SupOaB0h8ntgBC2YiE7dfyctQ=="],

    "level-read-stream": ["level-read-stream@2.0.0", "", { "dependencies": { "readable-stream": "^4.6.0" }, "peerDependencies": { "abstract-level": ">=2.0.0" }, "optionalPeers": ["abstract-level"] }, "sha512-9TQl3pThIoFMrA2PWwoM1D/fkQgy/ynmA4vmg+EA3oxOxp+DlIKJT5glvGg37m9HL7/MKZTWn2iYfM4kYOy1Ig=="],

    "level-supports": ["level-supports@6.2.0", "", {}, "sha512-QNxVXP0IRnBmMsJIh+sb2kwNCYcKciQZJEt+L1hPCHrKNELllXhvrlClVHXBYZVT+a7aTSM6StgNXdAldoab3w=="],

    "level-transcoder": ["level-transcoder@1.0.1", "", { "dependencies": { "buffer": "^6.0.3", "module-error": "^1.0.1" } }, "sha512-t7bFwFtsQeD8cl8NIoQ2iwxA0CL/9IFw7/9gAjOonH0PWTTiRfY7Hq+Ejbsxh86tXobDQ6IOiddjNYIfOBs06w=="],

    "low-level": ["low-level@1.2.5", "", {}, "sha512-1Lmiu2Wt+XHF7iCl1SmORXqxd3IO2Zx+EUpdgHZNw3Cct7u0IScdGfsYJvRk6QfE54jyZg9X/4YrZ0RxDjSCfg=="],

    "luxon": ["luxon@3.7.2", "", {}, "sha512-vtEhXh/gNjI9Yg1u4jX/0YVPMvxzHuGgCm6tC5kZyb08yjGWGnqAjGJvcXbqQR2P3MyMEFnRbpcdFS6PBcLqew=="],

    "maybe-combine-errors": ["maybe-combine-errors@1.0.0", "", {}, "sha512-eefp6IduNPT6fVdwPp+1NgD0PML1NU5P6j1Mj5nz1nidX8/sWY7119WL8vTAHgqfsY74TzW0w1XPgdYEKkGZ5A=="],

    "memoirist": ["memoirist@0.4.0", "", {}, "sha512-zxTgA0mSYELa66DimuNQDvyLq36AwDlTuVRbnQtB+VuTcKWm5Qc4z3WkSpgsFWHNhexqkIooqpv4hdcqrX5Nmg=="],

    "minimalistic-assert": ["minimalistic-assert@1.0.1", "", {}, "sha512-UtJcAD4yEaGtjPezWuO9wC4nwUnVH/8/Im3yEHQP4b67cXlD/Qr9hdITCU1xDbSEXg2XKNaP8jsReV7vQd00/A=="],

    "minimalistic-crypto-utils": ["minimalistic-crypto-utils@1.0.1", "", {}, "sha512-JIYlbt6g8i5jKfJ3xz7rF0LXmv2TkDxBLUkiBeZ7bAx4GnnNMr8xFpGnOxn6GhTEHx3SjRrZEoU+j04prX1ktg=="],

    "module-error": ["module-error@1.0.2", "", {}, "sha512-0yuvsqSCv8LbaOKhnsQ/T5JhyFlCYLPXK3U2sgV10zoKQwzs/MyfuQUOZQ1V/6OCOJsK/TRgNVrPuPDqtdMFtA=="],

    "ms": ["ms@2.1.3", "", {}, "sha512-6FlzubTLZG3J2a/NVCAleEhjzq5oxgHyaCU9yYXvcLsvoVaHJq/s5xXI6/XXP6tz7R9xAOtHnSO/tXtF3WRTlA=="],

    "napi-macros": ["napi-macros@2.2.2", "", {}, "sha512-hmEVtAGYzVQpCKdbQea4skABsdXW4RUh5t5mJ2zzqowJS2OyXZTU1KhDVFhx+NlWZ4ap9mqR9TcDO3LTTttd+g=="],

    "node-gyp-build": ["node-gyp-build@4.8.1", "", { "bin": { "node-gyp-build": "bin.js", "node-gyp-build-optional": "optional.js", "node-gyp-build-test": "build-test.js" } }, "sha512-OSs33Z9yWr148JZcbZd5WiAXhh/n9z8TxQcdMhIOlpN9AhWpLfvVFO73+m77bBABQMaY9XSvIa+qk0jlI7Gcaw=="],

    "openapi-types": ["openapi-types@12.1.3", "", {}, "sha512-N4YtSYJqghVu4iek2ZUvcN/0aqH1kRDuNqzcycDxhOUpg7GdvLa2F3DgS6yBNhInhv2r/6I0Flkn7CqL8+nIcw=="],

    "process": ["process@0.11.10", "", {}, "sha512-cdGef/drWFoydD1JsMzuFf8100nZl+GT+yacc2bEced5f9Rjk4z+WtFUTBu9PhOi9j/jfmBPu0mMEY4wIdAF8A=="],

    "ptr.js": ["ptr.js@1.3.0", "", {}, "sha512-zDgHHxE8NZKHsU2SUcYjMhMHI5C03mElQqDQC6OAkZ0M+VlVoi1hStRjUVWdthYcvC1ZCPGbgxQoBf6Pmz9ykw=="],

    "readable-stream": ["readable-stream@4.7.0", "", { "dependencies": { "abort-controller": "^3.0.0", "buffer": "^6.0.3", "events": "^3.3.0", "process": "^0.11.10", "string_decoder": "^1.3.0" } }, "sha512-oIGGmcpTLwPga8Bn6/Z75SVaH1z5dUut2ibSyAMVhmUggWpmDn2dapB0n7f8nwaSiRtepAsfJyfXIO5DCVAODg=="],

    "reflect-metadata": ["reflect-metadata@0.2.2", "", {}, "sha512-urBwgfrvVP/eAyXx4hluJivBKzuEbSQs9rKWCrCkbSxNv8mxPcUZKeuoF3Uy4mJl3Lwprp6yy5/39VWigZ4K6Q=="],

    "safe-buffer": ["safe-buffer@5.2.1", "", {}, "sha512-rp3So07KcdmmKbGvgaNxQSJr7bGVSVk5S9Eq1F+ppbRo70+YeaDxkw5Dd8NPN+GD6bjnYm2VuPuCXmpuYvmCXQ=="],

    "string_decoder": ["string_decoder@1.3.0", "", { "dependencies": { "safe-buffer": "~5.2.0" } }, "sha512-hkRX8U1WjJFd8LsDJ2yQ/wWWxaopEsABU1XfkM8A+j0+85JAGppt16cr1Whg6KIbb4okU6Mql6BOj+uup/wKeA=="],

    "strtok3": ["strtok3@10.3.4", "", { "dependencies": { "@tokenizer/token": "^0.3.0" } }, "sha512-KIy5nylvC5le1OdaaoCJ07L+8iQzJHGH6pWDuzS+d07Cu7n1MZ2x26P8ZKIWfbK02+XIL8Mp4RkWeqdUCrDMfg=="],

    "token-types": ["token-types@6.1.1", "", { "dependencies": { "@borewit/text-codec": "^0.1.0", "@tokenizer/token": "^0.3.0", "ieee754": "^1.2.1" } }, "sha512-kh9LVIWH5CnL63Ipf0jhlBIy0UsrMj/NJDfpsy1SqOXlLKEVyXXYrnFxFT1yOOYVGBSApeVnjPw/sBz5BfEjAQ=="],

    "typescript": ["typescript@5.9.3", "", { "bin": { "tsc": "bin/tsc", "tsserver": "bin/tsserver" } }, "sha512-jl1vZzPDinLr9eUt3J/t7V6FgNEw9QjvBPdysz9KfQDD41fQrC2Y4vKQdiaUpFT4bXlb1RHhLpp8wtm6M5TgSw=="],

    "uint8array-extras": ["uint8array-extras@1.5.0", "", {}, "sha512-rvKSBiC5zqCCiDZ9kAOszZcDvdAHwwIKJG33Ykj43OKcWsnmcBRL09YTU4nOeHZ8Y2a7l1MgTd08SBe9A8Qj6A=="],

    "undici-types": ["undici-types@6.21.0", "", {}, "sha512-iwDZqg0QAGrg9Rav5H4n0M64c3mkR59cJ6wQp+7C4nI0gsmExaedaYLNO44eT4AtBBwjbTiGPMlt2Md0T9H9JQ=="],

    "@types/bn.js/@types/node": ["@types/node@20.12.14", "", { "dependencies": { "undici-types": "~5.26.4" } }, "sha512-scnD59RpYD91xngrQQLGkE+6UrHUPzeKZWhhjBSa3HSkwjbQc38+q3RoIVEwxQGRw3M+j5hpNAM+lgV3cVormg=="],

    "classic-level/abstract-level": ["abstract-level@3.1.0", "", { "dependencies": { "buffer": "^6.0.3", "is-buffer": "^2.0.5", "level-supports": "^6.2.0", "level-transcoder": "^1.0.1", "maybe-combine-errors": "^1.0.0", "module-error": "^1.0.1" } }, "sha512-j2e+TsAxy7Ri+0h7dJqwasymgt0zHBWX4+nMk3XatyuqgHfdstBJ9wsMfbiGwE1O+QovRyPcVAqcViMYdyPaaw=="],

    "@types/bn.js/@types/node/undici-types": ["undici-types@5.26.5", "", {}, "sha512-JlCMO+ehdEIKqlFxk6IfVoAUVmgz7cU7zD/h9XZ0qzeosSHmUJVOzSQvvYSYWXkFXC+IfLKSIffhv0sVZup6pA=="],
  }
}
